version = 1
revision = 3
requires-python = ">=3.11"

[[package]]
name = "sql-neatfmt"
version = "0.1.5"
source = { editable = "." }
dependencies = [
    { name = "sqlglot" },
]

[package.metadata]
requires-dist = [{ name = "sqlglot", specifier = ">=28.0.0" }]

[[package]]
name = "sqlglot"
version = "30.6.0"
source = { registry = "https://pypi.org/simple" }
sdist = { url = "https://files.pythonhosted.org/packages/3c/66/6ece15f197874e56c76e1d0269cebf284ba992a80dfadca9d1972fdf7edf/sqlglot-30.6.0.tar.gz", hash = "sha256:246d34d39927422a50a3fa155f37b2f6346fba85f1a755b13c941eb32ef93361", size = 5835307, upload-time = "2026-04-20T20:11:08.164Z" }
wheels = [
    { url = "https://files.pythonhosted.org/packages/dc/e7/64fe971cbca33a0446b06f4a5ff8e3fa4a1dbd0a039ceabcc3e6cf4087a9/sqlglot-30.6.0-py3-none-any.whl", hash = "sha256:e005fc2f47994f90d7d8df341f1cbe937518497b0b7b1507d4c03c4c9dfd2778", size = 673920, upload-time = "2026-04-20T20:11:05.758Z" },
]
